{
  "requires": true,
  "lockfileVersion": 1,
  "dependencies": {
    "wx-delay-loading": {
      "version": "1.0.5",
      "resolved": "https://registry.npmjs.org/wx-delay-loading/-/wx-delay-loading-1.0.5.tgz",
      "integrity": "sha512-NBJ92kofX4/PU/9DmYHS46AgDpGpNm6K8z1jPLqlWQrM+gKxJuO9I04/9jd57NlyRzkRCs+EHgVXlckEdAayTw=="
    }
  }
}
